
Microsoft Visual Studio Solution File, Format Version 12.00
# Visual Studio Version 17
VisualStudioVersion = 17.2.32505.173
MinimumVisualStudioVersion = 10.0.40219.1
Project("{8BC9CEB8-8B4A-11D0-8D11-00A0C91BC942}") = "study（单链表）", "study（单链表）.vcxproj", "{7EE3B45E-57D4-40A3-84E5-94E6541FEECB}"
EndProject
Global
	GlobalSection(SolutionConfigurationPlatforms) = preSolution
		Debug|x64 = Debug|x64
		Debug|x86 = Debug|x86
		Release|x64 = Release|x64
		Release|x86 = Release|x86
	EndGlobalSection
	GlobalSection(ProjectConfigurationPlatforms) = postSolution
		{7EE3B45E-57D4-40A3-84E5-94E6541FEECB}.Debug|x64.ActiveCfg = Debug|x64
		{7EE3B45E-57D4-40A3-84E5-94E6541FEECB}.Debug|x64.Build.0 = Debug|x64
		{7EE3B45E-57D4-40A3-84E5-94E6541FEECB}.Debug|x86.ActiveCfg = Debug|Win32
		{7EE3B45E-57D4-40A3-84E5-94E6541FEECB}.Debug|x86.Build.0 = Debug|Win32
		{7EE3B45E-57D4-40A3-84E5-94E6541FEECB}.Release|x64.ActiveCfg = Release|x64
		{7EE3B45E-57D4-40A3-84E5-94E6541FEECB}.Release|x64.Build.0 = Release|x64
		{7EE3B45E-57D4-40A3-84E5-94E6541FEECB}.Release|x86.ActiveCfg = Release|Win32
		{7EE3B45E-57D4-40A3-84E5-94E6541FEECB}.Release|x86.Build.0 = Release|Win32
	EndGlobalSection
	GlobalSection(SolutionProperties) = preSolution
		HideSolutionNode = FALSE
	EndGlobalSection
	GlobalSection(ExtensibilityGlobals) = postSolution
		SolutionGuid = {47F32B26-D1EF-400F-8E7D-6A77AB161105}
	EndGlobalSection
EndGlobal
